// !$*UTF8*$!
{
	archiveVersion = 1;
	classes = {
	};
	objectVersion = 50;
	objects = {

/* Begin PBXBuildFile section */
		233C40C82230142C00842671 /* AppDelegate.m in Sources */ = {isa = PBXBuildFile; fileRef = 233C40C72230142C00842671 /* AppDelegate.m */; };
		233C40CB2230142C00842671 /* ViewController.m in Sources */ = {isa = PBXBuildFile; fileRef = 233C40CA2230142C00842671 /* ViewController.m */; };
		233C40CE2230142C00842671 /* Main.storyboard in Resources */ = {isa = PBXBuildFile; fileRef = 233C40CC2230142C00842671 /* Main.storyboard */; };
		233C40D02230142D00842671 /* Assets.xcassets in Resources */ = {isa = PBXBuildFile; fileRef = 233C40CF2230142D00842671 /* Assets.xcassets */; };
		233C40D32230142D00842671 /* LaunchScreen.storyboard in Resources */ = {isa = PBXBuildFile; fileRef = 233C40D12230142D00842671 /* LaunchScreen.storyboard */; };
		233C40D62230142D00842671 /* main.m in Sources */ = {isa = PBXBuildFile; fileRef = 233C40D52230142D00842671 /* main.m */; };
		233C40DE2230BE7400842671 /* RecordingViewController.m in Sources */ = {isa = PBXBuildFile; fileRef = 233C40DD2230BE7400842671 /* RecordingViewController.m */; };
		233C40E22230BEF900842671 /* DrawView.m in Sources */ = {isa = PBXBuildFile; fileRef = 233C40E12230BEF900842671 /* DrawView.m */; };
		233C40E52230BF3C00842671 /* MyBezierPath.m in Sources */ = {isa = PBXBuildFile; fileRef = 233C40E42230BF3C00842671 /* MyBezierPath.m */; };
		233C40E82230FC7A00842671 /* PlayViewController.m in Sources */ = {isa = PBXBuildFile; fileRef = 233C40E72230FC7A00842671 /* PlayViewController.m */; };
		233C40EB22315F6000842671 /* PlayAnimationClass.m in Sources */ = {isa = PBXBuildFile; fileRef = 233C40EA22315F6000842671 /* PlayAnimationClass.m */; };
		233C40EF2232561D00842671 /* AudioManager.m in Sources */ = {isa = PBXBuildFile; fileRef = 233C40EE2232561D00842671 /* AudioManager.m */; };
		2393DD38223281C400F027EF /* FileManager.m in Sources */ = {isa = PBXBuildFile; fileRef = 2393DD37223281C400F027EF /* FileManager.m */; };
		2393DD3F2233A85800F027EF /* UIToast.m in Sources */ = {isa = PBXBuildFile; fileRef = 2393DD3D2233A85800F027EF /* UIToast.m */; };
		2393DD422233CB0C00F027EF /* AudioListVC.m in Sources */ = {isa = PBXBuildFile; fileRef = 2393DD402233CB0C00F027EF /* AudioListVC.m */; };
		2393DD452233CBED00F027EF /* NSDate+Formatter.m in Sources */ = {isa = PBXBuildFile; fileRef = 2393DD442233CBED00F027EF /* NSDate+Formatter.m */; };
/* End PBXBuildFile section */

/* Begin PBXFileReference section */
		233C40C32230142C00842671 /* CWDemo.app */ = {isa = PBXFileReference; explicitFileType = wrapper.application; includeInIndex = 0; path = CWDemo.app; sourceTree = BUILT_PRODUCTS_DIR; };
		233C40C62230142C00842671 /* AppDelegate.h */ = {isa = PBXFileReference; lastKnownFileType = sourcecode.c.h; path = AppDelegate.h; sourceTree = "<group>"; };
		233C40C72230142C00842671 /* AppDelegate.m */ = {isa = PBXFileReference; lastKnownFileType = sourcecode.c.objc; path = AppDelegate.m; sourceTree = "<group>"; };
		233C40C92230142C00842671 /* ViewController.h */ = {isa = PBXFileReference; lastKnownFileType = sourcecode.c.h; path = ViewController.h; sourceTree = "<group>"; };
		233C40CA2230142C00842671 /* ViewController.m */ = {isa = PBXFileReference; lastKnownFileType = sourcecode.c.objc; path = ViewController.m; sourceTree = "<group>"; };
		233C40CD2230142C00842671 /* Base */ = {isa = PBXFileReference; lastKnownFileType = file.storyboard; name = Base; path = Base.lproj/Main.storyboard; sourceTree = "<group>"; };
		233C40CF2230142D00842671 /* Assets.xcassets */ = {isa = PBXFileReference; lastKnownFileType = folder.assetcatalog; path = Assets.xcassets; sourceTree = "<group>"; };
		233C40D22230142D00842671 /* Base */ = {isa = PBXFileReference; lastKnownFileType = file.storyboard; name = Base; path = Base.lproj/LaunchScreen.storyboard; sourceTree = "<group>"; };
		233C40D42230142D00842671 /* Info.plist */ = {isa = PBXFileReference; lastKnownFileType = text.plist.xml; path = Info.plist; sourceTree = "<group>"; };
		233C40D52230142D00842671 /* main.m */ = {isa = PBXFileReference; lastKnownFileType = sourcecode.c.objc; path = main.m; sourceTree = "<group>"; };
		233C40DC2230BE7400842671 /* RecordingViewController.h */ = {isa = PBXFileReference; lastKnownFileType = sourcecode.c.h; path = RecordingViewController.h; sourceTree = "<group>"; };
		233C40DD2230BE7400842671 /* RecordingViewController.m */ = {isa = PBXFileReference; lastKnownFileType = sourcecode.c.objc; path = RecordingViewController.m; sourceTree = "<group>"; };
		233C40E02230BEF900842671 /* DrawView.h */ = {isa = PBXFileReference; lastKnownFileType = sourcecode.c.h; path = DrawView.h; sourceTree = "<group>"; };
		233C40E12230BEF900842671 /* DrawView.m */ = {isa = PBXFileReference; lastKnownFileType = sourcecode.c.objc; path = DrawView.m; sourceTree = "<group>"; };
		233C40E32230BF3C00842671 /* MyBezierPath.h */ = {isa = PBXFileReference; lastKnownFileType = sourcecode.c.h; path = MyBezierPath.h; sourceTree = "<group>"; };
		233C40E42230BF3C00842671 /* MyBezierPath.m */ = {isa = PBXFileReference; lastKnownFileType = sourcecode.c.objc; path = MyBezierPath.m; sourceTree = "<group>"; };
		233C40E62230FC7A00842671 /* PlayViewController.h */ = {isa = PBXFileReference; lastKnownFileType = sourcecode.c.h; path = PlayViewController.h; sourceTree = "<group>"; };
		233C40E72230FC7A00842671 /* PlayViewController.m */ = {isa = PBXFileReference; lastKnownFileType = sourcecode.c.objc; path = PlayViewController.m; sourceTree = "<group>"; };
		233C40E922315F6000842671 /* PlayAnimationClass.h */ = {isa = PBXFileReference; lastKnownFileType = sourcecode.c.h; path = PlayAnimationClass.h; sourceTree = "<group>"; };
		233C40EA22315F6000842671 /* PlayAnimationClass.m */ = {isa = PBXFileReference; lastKnownFileType = sourcecode.c.objc; path = PlayAnimationClass.m; sourceTree = "<group>"; };
		233C40ED2232561D00842671 /* AudioManager.h */ = {isa = PBXFileReference; lastKnownFileType = sourcecode.c.h; path = AudioManager.h; sourceTree = "<group>"; };
		233C40EE2232561D00842671 /* AudioManager.m */ = {isa = PBXFileReference; lastKnownFileType = sourcecode.c.objc; path = AudioManager.m; sourceTree = "<group>"; };
		2393DD36223281C400F027EF /* FileManager.h */ = {isa = PBXFileReference; fileEncoding = 4; lastKnownFileType = sourcecode.c.h; path = FileManager.h; sourceTree = "<group>"; };
		2393DD37223281C400F027EF /* FileManager.m */ = {isa = PBXFileReference; fileEncoding = 4; lastKnownFileType = sourcecode.c.objc; path = FileManager.m; sourceTree = "<group>"; };
		2393DD392232827C00F027EF /* Conf.h */ = {isa = PBXFileReference; lastKnownFileType = sourcecode.c.h; path = Conf.h; sourceTree = "<group>"; };
		2393DD3D2233A85800F027EF /* UIToast.m */ = {isa = PBXFileReference; fileEncoding = 4; lastKnownFileType = sourcecode.c.objc; path = UIToast.m; sourceTree = "<group>"; };
		2393DD3E2233A85800F027EF /* UIToast.h */ = {isa = PBXFileReference; fileEncoding = 4; lastKnownFileType = sourcecode.c.h; path = UIToast.h; sourceTree = "<group>"; };
		2393DD402233CB0C00F027EF /* AudioListVC.m */ = {isa = PBXFileReference; fileEncoding = 4; lastKnownFileType = sourcecode.c.objc; path = AudioListVC.m; sourceTree = "<group>"; };
		2393DD412233CB0C00F027EF /* AudioListVC.h */ = {isa = PBXFileReference; fileEncoding = 4; lastKnownFileType = sourcecode.c.h; path = AudioListVC.h; sourceTree = "<group>"; };
		2393DD432233CBD900F027EF /* NSDate+Formatter.h */ = {isa = PBXFileReference; lastKnownFileType = sourcecode.c.h; path = "NSDate+Formatter.h"; sourceTree = "<group>"; };
		2393DD442233CBED00F027EF /* NSDate+Formatter.m */ = {isa = PBXFileReference; fileEncoding = 4; lastKnownFileType = sourcecode.c.objc; path = "NSDate+Formatter.m"; sourceTree = "<group>"; };
/* End PBXFileReference section */

/* Begin PBXFrameworksBuildPhase section */
		233C40C02230142C00842671 /* Frameworks */ = {
			isa = PBXFrameworksBuildPhase;
			buildActionMask = 2147483647;
			files = (
			);
			runOnlyForDeploymentPostprocessing = 0;
		};
/* End PBXFrameworksBuildPhase section */

/* Begin PBXGroup section */
		233C40BA2230142C00842671 = {
			isa = PBXGroup;
			children = (
				233C40C52230142C00842671 /* CWDemo */,
				233C40C42230142C00842671 /* Products */,
			);
			sourceTree = "<group>";
		};
		233C40C42230142C00842671 /* Products */ = {
			isa = PBXGroup;
			children = (
				233C40C32230142C00842671 /* CWDemo.app */,
			);
			name = Products;
			sourceTree = "<group>";
		};
		233C40C52230142C00842671 /* CWDemo */ = {
			isa = PBXGroup;
			children = (
				233C40EC223255EC00842671 /* Tool */,
				233C40DF2230BEC200842671 /* View */,
				233C40C62230142C00842671 /* AppDelegate.h */,
				233C40C72230142C00842671 /* AppDelegate.m */,
				233C40C92230142C00842671 /* ViewController.h */,
				233C40CA2230142C00842671 /* ViewController.m */,
				233C40DC2230BE7400842671 /* RecordingViewController.h */,
				233C40DD2230BE7400842671 /* RecordingViewController.m */,
				2393DD412233CB0C00F027EF /* AudioListVC.h */,
				2393DD402233CB0C00F027EF /* AudioListVC.m */,
				233C40E62230FC7A00842671 /* PlayViewController.h */,
				233C40E72230FC7A00842671 /* PlayViewController.m */,
				233C40CC2230142C00842671 /* Main.storyboard */,
				233C40CF2230142D00842671 /* Assets.xcassets */,
				233C40D12230142D00842671 /* LaunchScreen.storyboard */,
				233C40D42230142D00842671 /* Info.plist */,
				233C40D52230142D00842671 /* main.m */,
			);
			path = CWDemo;
			sourceTree = "<group>";
		};
		233C40DF2230BEC200842671 /* View */ = {
			isa = PBXGroup;
			children = (
				233C40E02230BEF900842671 /* DrawView.h */,
				233C40E12230BEF900842671 /* DrawView.m */,
				233C40E32230BF3C00842671 /* MyBezierPath.h */,
				233C40E42230BF3C00842671 /* MyBezierPath.m */,
			);
			path = View;
			sourceTree = "<group>";
		};
		233C40EC223255EC00842671 /* Tool */ = {
			isa = PBXGroup;
			children = (
				2393DD392232827C00F027EF /* Conf.h */,
				2393DD36223281C400F027EF /* FileManager.h */,
				2393DD37223281C400F027EF /* FileManager.m */,
				233C40ED2232561D00842671 /* AudioManager.h */,
				233C40EE2232561D00842671 /* AudioManager.m */,
				2393DD3E2233A85800F027EF /* UIToast.h */,
				2393DD3D2233A85800F027EF /* UIToast.m */,
				233C40E922315F6000842671 /* PlayAnimationClass.h */,
				233C40EA22315F6000842671 /* PlayAnimationClass.m */,
				2393DD432233CBD900F027EF /* NSDate+Formatter.h */,
				2393DD442233CBED00F027EF /* NSDate+Formatter.m */,
			);
			path = Tool;
			sourceTree = "<group>";
		};
/* End PBXGroup section */

/* Begin PBXNativeTarget section */
		233C40C22230142C00842671 /* CWDemo */ = {
			isa = PBXNativeTarget;
			buildConfigurationList = 233C40D92230142D00842671 /* Build configuration list for PBXNativeTarget "CWDemo" */;
			buildPhases = (
				233C40BF2230142C00842671 /* Sources */,
				233C40C02230142C00842671 /* Frameworks */,
				233C40C12230142C00842671 /* Resources */,
			);
			buildRules = (
			);
			dependencies = (
			);
			name = CWDemo;
			productName = CWDemo;
			productReference = 233C40C32230142C00842671 /* CWDemo.app */;
			productType = "com.apple.product-type.application";
		};
/* End PBXNativeTarget section */

/* Begin PBXProject section */
		233C40BB2230142C00842671 /* Project object */ = {
			isa = PBXProject;
			attributes = {
				LastUpgradeCheck = 1010;
				ORGANIZATIONNAME = gsh;
				TargetAttributes = {
					233C40C22230142C00842671 = {
						CreatedOnToolsVersion = 10.1;
					};
				};
			};
			buildConfigurationList = 233C40BE2230142C00842671 /* Build configuration list for PBXProject "CWDemo" */;
			compatibilityVersion = "Xcode 9.3";
			developmentRegion = en;
			hasScannedForEncodings = 0;
			knownRegions = (
				en,
				Base,
			);
			mainGroup = 233C40BA2230142C00842671;
			productRefGroup = 233C40C42230142C00842671 /* Products */;
			projectDirPath = "";
			projectRoot = "";
			targets = (
				233C40C22230142C00842671 /* CWDemo */,
			);
		};
/* End PBXProject section */

/* Begin PBXResourcesBuildPhase section */
		233C40C12230142C00842671 /* Resources */ = {
			isa = PBXResourcesBuildPhase;
			buildActionMask = 2147483647;
			files = (
				233C40D32230142D00842671 /* LaunchScreen.storyboard in Resources */,
				233C40D02230142D00842671 /* Assets.xcassets in Resources */,
				233C40CE2230142C00842671 /* Main.storyboard in Resources */,
			);
			runOnlyForDeploymentPostprocessing = 0;
		};
/* End PBXResourcesBuildPhase section */

/* Begin PBXSourcesBuildPhase section */
		233C40BF2230142C00842671 /* Sources */ = {
			isa = PBXSourcesBuildPhase;
			buildActionMask = 2147483647;
			files = (
				233C40EF2232561D00842671 /* AudioManager.m in Sources */,
				233C40DE2230BE7400842671 /* RecordingViewController.m in Sources */,
				233C40E52230BF3C00842671 /* MyBezierPath.m in Sources */,
				2393DD422233CB0C00F027EF /* AudioListVC.m in Sources */,
				2393DD38223281C400F027EF /* FileManager.m in Sources */,
				233C40CB2230142C00842671 /* ViewController.m in Sources */,
				2393DD3F2233A85800F027EF /* UIToast.m in Sources */,
				233C40EB22315F6000842671 /* PlayAnimationClass.m in Sources */,
				2393DD452233CBED00F027EF /* NSDate+Formatter.m in Sources */,
				233C40D62230142D00842671 /* main.m in Sources */,
				233C40C82230142C00842671 /* AppDelegate.m in Sources */,
				233C40E22230BEF900842671 /* DrawView.m in Sources */,
				233C40E82230FC7A00842671 /* PlayViewController.m in Sources */,
			);
			runOnlyForDeploymentPostprocessing = 0;
		};
/* End PBXSourcesBuildPhase section */

/* Begin PBXVariantGroup section */
		233C40CC2230142C00842671 /* Main.storyboard */ = {
			isa = PBXVariantGroup;
			children = (
				233C40CD2230142C00842671 /* Base */,
			);
			name = Main.storyboard;
			sourceTree = "<group>";
		};
		233C40D12230142D00842671 /* LaunchScreen.storyboard */ = {
			isa = PBXVariantGroup;
			children = (
				233C40D22230142D00842671 /* Base */,
			);
			name = LaunchScreen.storyboard;
			sourceTree = "<group>";
		};
/* End PBXVariantGroup section */

/* Begin XCBuildConfiguration section */
		233C40D72230142D00842671 /* Debug */ = {
			isa = XCBuildConfiguration;
			buildSettings = {
				ALWAYS_SEARCH_USER_PATHS = NO;
				CLANG_ANALYZER_NONNULL = YES;
				CLANG_ANALYZER_NUMBER_OBJECT_CONVERSION = YES_AGGRESSIVE;
				CLANG_CXX_LANGUAGE_STANDARD = "gnu++14";
				CLANG_CXX_LIBRARY = "libc++";
				CLANG_ENABLE_MODULES = YES;
				CLANG_ENABLE_OBJC_ARC = YES;
				CLANG_ENABLE_OBJC_WEAK = YES;
				CLANG_WARN_BLOCK_CAPTURE_AUTORELEASING = YES;
				CLANG_WARN_BOOL_CONVERSION = YES;
				CLANG_WARN_COMMA = YES;
				CLANG_WARN_CONSTANT_CONVERSION = YES;
				CLANG_WARN_DEPRECATED_OBJC_IMPLEMENTATIONS = YES;
				CLANG_WARN_DIRECT_OBJC_ISA_USAGE = YES_ERROR;
				CLANG_WARN_DOCUMENTATION_COMMENTS = YES;
				CLANG_WARN_EMPTY_BODY = YES;
				CLANG_WARN_ENUM_CONVERSION = YES;
				CLANG_WARN_INFINITE_RECURSION = YES;
				CLANG_WARN_INT_CONVERSION = YES;
				CLANG_WARN_NON_LITERAL_NULL_CONVERSION = YES;
				CLANG_WARN_OBJC_IMPLICIT_RETAIN_SELF = YES;
				CLANG_WARN_OBJC_LITERAL_CONVERSION = YES;
				CLANG_WARN_OBJC_ROOT_CLASS = YES_ERROR;
				CLANG_WARN_RANGE_LOOP_ANALYSIS = YES;
				CLANG_WARN_STRICT_PROTOTYPES = YES;
				CLANG_WARN_SUSPICIOUS_MOVE = YES;
				CLANG_WARN_UNGUARDED_AVAILABILITY = YES_AGGRESSIVE;
				CLANG_WARN_UNREACHABLE_CODE = YES;
				CLANG_WARN__DUPLICATE_METHOD_MATCH = YES;
				CODE_SIGN_IDENTITY = "iPhone Developer";
				COPY_PHASE_STRIP = NO;
				DEBUG_INFORMATION_FORMAT = dwarf;
				ENABLE_STRICT_OBJC_MSGSEND = YES;
				ENABLE_TESTABILITY = YES;
				GCC_C_LANGUAGE_STANDARD = gnu11;
				GCC_DYNAMIC_NO_PIC = NO;
				GCC_NO_COMMON_BLOCKS = YES;
				GCC_OPTIMIZATION_LEVEL = 0;
				GCC_PREPROCESSOR_DEFINITIONS = (
					"DEBUG=1",
					"$(inherited)",
				);
				GCC_WARN_64_TO_32_BIT_CONVERSION = YES;
				GCC_WARN_ABOUT_RETURN_TYPE = YES_ERROR;
				GCC_WARN_UNDECLARED_SELECTOR = YES;
				GCC_WARN_UNINITIALIZED_AUTOS = YES_AGGRESSIVE;
				GCC_WARN_UNUSED_FUNCTION = YES;
				GCC_WARN_UNUSED_VARIABLE = YES;
				IPHONEOS_DEPLOYMENT_TARGET = 12.1;
				MTL_ENABLE_DEBUG_INFO = INCLUDE_SOURCE;
				MTL_FAST_MATH = YES;
				ONLY_ACTIVE_ARCH = YES;
				SDKROOT = iphoneos;
			};
			name = Debug;
		};
		233C40D82230142D00842671 /* Release */ = {
			isa = XCBuildConfiguration;
			buildSettings = {
				ALWAYS_SEARCH_USER_PATHS = NO;
				CLANG_ANALYZER_NONNULL = YES;
				CLANG_ANALYZER_NUMBER_OBJECT_CONVERSION = YES_AGGRESSIVE;
				CLANG_CXX_LANGUAGE_STANDARD = "gnu++14";
				CLANG_CXX_LIBRARY = "libc++";
				CLANG_ENABLE_MODULES = YES;
				CLANG_ENABLE_OBJC_ARC = YES;
				CLANG_ENABLE_OBJC_WEAK = YES;
				CLANG_WARN_BLOCK_CAPTURE_AUTORELEASING = YES;
				CLANG_WARN_BOOL_CONVERSION = YES;
				CLANG_WARN_COMMA = YES;
				CLANG_WARN_CONSTANT_CONVERSION = YES;
				CLANG_WARN_DEPRECATED_OBJC_IMPLEMENTATIONS = YES;
				CLANG_WARN_DIRECT_OBJC_ISA_USAGE = YES_ERROR;
				CLANG_WARN_DOCUMENTATION_COMMENTS = YES;
				CLANG_WARN_EMPTY_BODY = YES;
				CLANG_WARN_ENUM_CONVERSION = YES;
				CLANG_WARN_INFINITE_RECURSION = YES;
				CLANG_WARN_INT_CONVERSION = YES;
				CLANG_WARN_NON_LITERAL_NULL_CONVERSION = YES;
				CLANG_WARN_OBJC_IMPLICIT_RETAIN_SELF = YES;
				CLANG_WARN_OBJC_LITERAL_CONVERSION = YES;
				CLANG_WARN_OBJC_ROOT_CLASS = YES_ERROR;
				CLANG_WARN_RANGE_LOOP_ANALYSIS = YES;
				CLANG_WARN_STRICT_PROTOTYPES = YES;
				CLANG_WARN_SUSPICIOUS_MOVE = YES;
				CLANG_WARN_UNGUARDED_AVAILABILITY = YES_AGGRESSIVE;
				CLANG_WARN_UNREACHABLE_CODE = YES;
				CLANG_WARN__DUPLICATE_METHOD_MATCH = YES;
				CODE_SIGN_IDENTITY = "iPhone Developer";
				COPY_PHASE_STRIP = NO;
				DEBUG_INFORMATION_FORMAT = "dwarf-with-dsym";
				ENABLE_NS_ASSERTIONS = NO;
				ENABLE_STRICT_OBJC_MSGSEND = YES;
				GCC_C_LANGUAGE_STANDARD = gnu11;
				GCC_NO_COMMON_BLOCKS = YES;
				GCC_WARN_64_TO_32_BIT_CONVERSION = YES;
				GCC_WARN_ABOUT_RETURN_TYPE = YES_ERROR;
				GCC_WARN_UNDECLARED_SELECTOR = YES;
				GCC_WARN_UNINITIALIZED_AUTOS = YES_AGGRESSIVE;
				GCC_WARN_UNUSED_FUNCTION = YES;
				GCC_WARN_UNUSED_VARIABLE = YES;
				IPHONEOS_DEPLOYMENT_TARGET = 12.1;
				MTL_ENABLE_DEBUG_INFO = NO;
				MTL_FAST_MATH = YES;
				SDKROOT = iphoneos;
				VALIDATE_PRODUCT = YES;
			};
			name = Release;
		};
		233C40DA2230142D00842671 /* Debug */ = {
			isa = XCBuildConfiguration;
			buildSettings = {
				ASSETCATALOG_COMPILER_APPICON_NAME = AppIcon;
				CODE_SIGN_STYLE = Automatic;
				DEVELOPMENT_TEAM = 9J43SA9575;
				INFOPLIST_FILE = CWDemo/Info.plist;
				IPHONEOS_DEPLOYMENT_TARGET = 11.0;
				LD_RUNPATH_SEARCH_PATHS = (
					"$(inherited)",
					"@executable_path/Frameworks",
				);
				PRODUCT_BUNDLE_IDENTIFIER = SH.CWDemo.cn;
				PRODUCT_NAME = "$(TARGET_NAME)";
				TARGETED_DEVICE_FAMILY = 1;
			};
			name = Debug;
		};
		233C40DB2230142D00842671 /* Release */ = {
			isa = XCBuildConfiguration;
			buildSettings = {
				ASSETCATALOG_COMPILER_APPICON_NAME = AppIcon;
				CODE_SIGN_STYLE = Automatic;
				DEVELOPMENT_TEAM = 9J43SA9575;
				INFOPLIST_FILE = CWDemo/Info.plist;
				IPHONEOS_DEPLOYMENT_TARGET = 11.0;
				LD_RUNPATH_SEARCH_PATHS = (
					"$(inherited)",
					"@executable_path/Frameworks",
				);
				PRODUCT_BUNDLE_IDENTIFIER = SH.CWDemo.cn;
				PRODUCT_NAME = "$(TARGET_NAME)";
				TARGETED_DEVICE_FAMILY = 1;
			};
			name = Release;
		};
/* End XCBuildConfiguration section */

/* Begin XCConfigurationList section */
		233C40BE2230142C00842671 /* Build configuration list for PBXProject "CWDemo" */ = {
			isa = XCConfigurationList;
			buildConfigurations = (
				233C40D72230142D00842671 /* Debug */,
				233C40D82230142D00842671 /* Release */,
			);
			defaultConfigurationIsVisible = 0;
			defaultConfigurationName = Release;
		};
		233C40D92230142D00842671 /* Build configuration list for PBXNativeTarget "CWDemo" */ = {
			isa = XCConfigurationList;
			buildConfigurations = (
				233C40DA2230142D00842671 /* Debug */,
				233C40DB2230142D00842671 /* Release */,
			);
			defaultConfigurationIsVisible = 0;
			defaultConfigurationName = Release;
		};
/* End XCConfigurationList section */
	};
	rootObject = 233C40BB2230142C00842671 /* Project object */;
}
